
Microsoft Visual Studio Solution File, Format Version 12.00
# Visual Studio Version 17
VisualStudioVersion = 17.14.37111.16 d17.14
MinimumVisualStudioVersion = 10.0.40219.1
Project("{FAE04EC0-301F-11D3-BF4B-00C04F79EFBC}") = "SuperShop", "SuperShop\SuperShop.csproj", "{0A6C883A-7890-40E8-BDE2-43B35F9A367D}"
EndProject
Global
	GlobalSection(SolutionConfigurationPlatforms) = preSolution
		Debug|Any CPU = Debug|Any CPU
		Release|Any CPU = Release|Any CPU
	EndGlobalSection
	GlobalSection(ProjectConfigurationPlatforms) = postSolution
		{0A6C883A-7890-40E8-BDE2-43B35F9A367D}.Debug|Any CPU.ActiveCfg = Debug|Any CPU
		{0A6C883A-7890-40E8-BDE2-43B35F9A367D}.Debug|Any CPU.Build.0 = Debug|Any CPU
		{0A6C883A-7890-40E8-BDE2-43B35F9A367D}.Release|Any CPU.ActiveCfg = Release|Any CPU
		{0A6C883A-7890-40E8-BDE2-43B35F9A367D}.Release|Any CPU.Build.0 = Release|Any CPU
	EndGlobalSection
	GlobalSection(SolutionProperties) = preSolution
		HideSolutionNode = FALSE
	EndGlobalSection
	GlobalSection(ExtensibilityGlobals) = postSolution
		SolutionGuid = {D8ECBD61-003E-4D44-84B0-A57C52B47DA9}
	EndGlobalSection
EndGlobal
